
Microsoft Visual Studio Solution File, Format Version 12.00
# Visual Studio Version 16
VisualStudioVersion = 16.0.30011.22
MinimumVisualStudioVersion = 10.0.40219.1
Project("{FAE04EC0-301F-11D3-BF4B-00C04F79EFBC}") = "ScoutAdmin", "ScoutAdmin.csproj", "{E174EFB2-AE05-4FB2-9487-7CFB1AB74379}"
EndProject
Project("{FAE04EC0-301F-11D3-BF4B-00C04F79EFBC}") = "ScoutAdminApp", "ScoutAdminApp\ScoutAdminApp.csproj", "{F9AC96D1-86D9-48B3-A210-161F71C05998}"
EndProject
Global
	GlobalSection(SolutionConfigurationPlatforms) = preSolution
		Debug|Any CPU = Debug|Any CPU
		Release|Any CPU = Release|Any CPU
	EndGlobalSection
	GlobalSection(ProjectConfigurationPlatforms) = postSolution
		{E174EFB2-AE05-4FB2-9487-7CFB1AB74379}.Debug|Any CPU.ActiveCfg = Debug|Any CPU
		{E174EFB2-AE05-4FB2-9487-7CFB1AB74379}.Debug|Any CPU.Build.0 = Debug|Any CPU
		{E174EFB2-AE05-4FB2-9487-7CFB1AB74379}.Release|Any CPU.ActiveCfg = Release|Any CPU
		{E174EFB2-AE05-4FB2-9487-7CFB1AB74379}.Release|Any CPU.Build.0 = Release|Any CPU
		{F9AC96D1-86D9-48B3-A210-161F71C05998}.Debug|Any CPU.ActiveCfg = Debug|Any CPU
		{F9AC96D1-86D9-48B3-A210-161F71C05998}.Debug|Any CPU.Build.0 = Debug|Any CPU
		{F9AC96D1-86D9-48B3-A210-161F71C05998}.Release|Any CPU.ActiveCfg = Release|Any CPU
		{F9AC96D1-86D9-48B3-A210-161F71C05998}.Release|Any CPU.Build.0 = Release|Any CPU
	EndGlobalSection
	GlobalSection(SolutionProperties) = preSolution
		HideSolutionNode = FALSE
	EndGlobalSection
	GlobalSection(ExtensibilityGlobals) = postSolution
		SolutionGuid = {52504449-0E55-4F0E-857E-36D646E96B14}
	EndGlobalSection
EndGlobal
